{
  "name": "PreEntrega2-Schaller",
  "lockfileVersion": 3,
  "requires": true,
  "packages": {
    "": {
      "dependencies": {
        "mongoose-paginate-v2": "^1.8.5"
      }
    },
    "node_modules/mongoose-paginate-v2": {
      "version": "1.8.5",
      "resolved": "https://registry.npmjs.org/mongoose-paginate-v2/-/mongoose-paginate-v2-1.8.5.tgz",
      "integrity": "sha512-kFxhot+yw9KmpAGSSrF/o+f00aC2uawgNUbhyaM0USS9L7dln1NA77/pLg4lgOaRgXMtfgCENamjqZwIM1Zrig==",
      "license": "MIT",
      "engines": {
        "node": ">=4.0.0"
      }
    }
  }
}
